
Microsoft Visual Studio Solution File, Format Version 12.00
Project("{2150E333-8FDC-42A3-9474-1A3956D46DE8}") = "2023", "2023", "{BF38E066-51BF-47D9-8B4B-73DEC71763A0}"
EndProject
Project("{2150E333-8FDC-42A3-9474-1A3956D46DE8}") = "01", "01", "{6AF49434-7479-4895-BCAC-40E2176FE031}"
EndProject
Project("{FAE04EC0-301F-11D3-BF4B-00C04F79EFBC}") = "Trebuchet", "2023\01\Trebuchet\Trebuchet.csproj", "{9AC53D0B-B49F-4E0E-81A1-E9F3DBB0928E}"
EndProject
Global
	GlobalSection(SolutionConfigurationPlatforms) = preSolution
		Debug|Any CPU = Debug|Any CPU
		Release|Any CPU = Release|Any CPU
	EndGlobalSection
	GlobalSection(NestedProjects) = preSolution
		{6AF49434-7479-4895-BCAC-40E2176FE031} = {BF38E066-51BF-47D9-8B4B-73DEC71763A0}
		{9AC53D0B-B49F-4E0E-81A1-E9F3DBB0928E} = {6AF49434-7479-4895-BCAC-40E2176FE031}
	EndGlobalSection
	GlobalSection(ProjectConfigurationPlatforms) = postSolution
		{9AC53D0B-B49F-4E0E-81A1-E9F3DBB0928E}.Debug|Any CPU.ActiveCfg = Debug|Any CPU
		{9AC53D0B-B49F-4E0E-81A1-E9F3DBB0928E}.Debug|Any CPU.Build.0 = Debug|Any CPU
		{9AC53D0B-B49F-4E0E-81A1-E9F3DBB0928E}.Release|Any CPU.ActiveCfg = Release|Any CPU
		{9AC53D0B-B49F-4E0E-81A1-E9F3DBB0928E}.Release|Any CPU.Build.0 = Release|Any CPU
	EndGlobalSection
EndGlobal
