
Microsoft Visual Studio Solution File, Format Version 12.00
Project("{2150E333-8FDC-42A3-9474-1A3956D46DE8}") = "2023", "2023", "{BF38E066-51BF-47D9-8B4B-73DEC71763A0}"
EndProject
Project("{2150E333-8FDC-42A3-9474-1A3956D46DE8}") = "01", "01", "{6AF49434-7479-4895-BCAC-40E2176FE031}"
EndProject
Project("{FAE04EC0-301F-11D3-BF4B-00C04F79EFBC}") = "Trebuchet", "2023\01\Trebuchet\Trebuchet.csproj", "{9AC53D0B-B49F-4E0E-81A1-E9F3DBB0928E}"
EndProject
Project("{2150E333-8FDC-42A3-9474-1A3956D46DE8}") = "02", "02", "{8D271F4B-379A-4377-8F68-D176FF399208}"
EndProject
Project("{FAE04EC0-301F-11D3-BF4B-00C04F79EFBC}") = "CubeConundrum", "2023\02\CubeConundrum\CubeConundrum.csproj", "{90543C18-7A73-458D-81F8-672F624C9851}"
EndProject
Project("{2150E333-8FDC-42A3-9474-1A3956D46DE8}") = "04", "04", "{AAB273A1-4ED2-418A-AD1C-A88C7E47271A}"
EndProject
Project("{FAE04EC0-301F-11D3-BF4B-00C04F79EFBC}") = "Scratchcards", "2023\04\Scratchcards\Scratchcards.csproj", "{94F1624C-5ED1-494E-A89C-198ED9A7158E}"
EndProject
Project("{2150E333-8FDC-42A3-9474-1A3956D46DE8}") = "03", "03", "{9DD50287-9F51-46DE-A2A9-A1098F7237FD}"
EndProject
Project("{FAE04EC0-301F-11D3-BF4B-00C04F79EFBC}") = "GearRatios", "2023\03\GearRatios\GearRatios.csproj", "{D31F9B89-033D-467A-B14F-4674D52E3FB2}"
EndProject
Project("{2150E333-8FDC-42A3-9474-1A3956D46DE8}") = "05", "05", "{41914223-6228-45CF-93EE-50713BBF686E}"
EndProject
Project("{FAE04EC0-301F-11D3-BF4B-00C04F79EFBC}") = "IfYouGiveASeedAFertilizer", "2023\05\IfYouGiveASeedAFertilizer\IfYouGiveASeedAFertilizer.csproj", "{97123B00-6A9D-402C-87EF-7FDF272130A8}"
EndProject
Project("{2150E333-8FDC-42A3-9474-1A3956D46DE8}") = "06", "06", "{9970418D-223C-498F-BDB8-DEE5A7375C2C}"
EndProject
Project("{FAE04EC0-301F-11D3-BF4B-00C04F79EFBC}") = "WaitForIt", "2023\06\WaitForIt\WaitForIt.csproj", "{B9058D1F-3E7D-4910-A040-1FB7DC3A9805}"
EndProject
Project("{2150E333-8FDC-42A3-9474-1A3956D46DE8}") = "07", "07", "{A1D33C09-E0A4-436B-8CE6-2565F14728A8}"
EndProject
Project("{FAE04EC0-301F-11D3-BF4B-00C04F79EFBC}") = "CamelCards", "2023\07\CamelCards\CamelCards.csproj", "{5B9A197E-188B-440E-B175-52B0511ADC1D}"
EndProject
Project("{2150E333-8FDC-42A3-9474-1A3956D46DE8}") = "08", "08", "{636F4D85-CA4D-4137-BED2-F38DEE146BEA}"
EndProject
Project("{FAE04EC0-301F-11D3-BF4B-00C04F79EFBC}") = "HauntedWasteland", "2023\08\HauntedWasteland\HauntedWasteland.csproj", "{89DA6E52-48C4-48AA-A19A-1B6FF2B4FFB1}"
EndProject
Project("{2150E333-8FDC-42A3-9474-1A3956D46DE8}") = "09", "09", "{04A0EE32-B1DE-41AE-8FB7-0AD489442714}"
EndProject
Project("{FAE04EC0-301F-11D3-BF4B-00C04F79EFBC}") = "MirageMaintenance", "2023\09\MirageMaintenance\MirageMaintenance.csproj", "{EAE3A8EB-45AB-45FF-A0B8-D3C0CD6DD199}"
EndProject
Project("{2150E333-8FDC-42A3-9474-1A3956D46DE8}") = "10", "10", "{CDE5A29E-020B-4775-A67C-154ED67B26C0}"
EndProject
Project("{FAE04EC0-301F-11D3-BF4B-00C04F79EFBC}") = "PipeMaze", "2023\10\PipeMaze\PipeMaze.csproj", "{C3B8E256-136D-4DC9-8B7F-51EC58C25F37}"
EndProject
Project("{2150E333-8FDC-42A3-9474-1A3956D46DE8}") = "11", "11", "{63A69300-C3D7-45F1-BD74-B870455DF1EA}"
EndProject
Project("{FAE04EC0-301F-11D3-BF4B-00C04F79EFBC}") = "CosmicExpansion", "2023\11\CosmicExpansion\CosmicExpansion.csproj", "{39D4BCC5-8711-4E13-A56D-6B019F27112A}"
EndProject
Global
	GlobalSection(SolutionConfigurationPlatforms) = preSolution
		Debug|Any CPU = Debug|Any CPU
		Release|Any CPU = Release|Any CPU
	EndGlobalSection
	GlobalSection(NestedProjects) = preSolution
		{6AF49434-7479-4895-BCAC-40E2176FE031} = {BF38E066-51BF-47D9-8B4B-73DEC71763A0}
		{9AC53D0B-B49F-4E0E-81A1-E9F3DBB0928E} = {6AF49434-7479-4895-BCAC-40E2176FE031}
		{8D271F4B-379A-4377-8F68-D176FF399208} = {BF38E066-51BF-47D9-8B4B-73DEC71763A0}
		{90543C18-7A73-458D-81F8-672F624C9851} = {8D271F4B-379A-4377-8F68-D176FF399208}
		{AAB273A1-4ED2-418A-AD1C-A88C7E47271A} = {BF38E066-51BF-47D9-8B4B-73DEC71763A0}
		{94F1624C-5ED1-494E-A89C-198ED9A7158E} = {AAB273A1-4ED2-418A-AD1C-A88C7E47271A}
		{9DD50287-9F51-46DE-A2A9-A1098F7237FD} = {BF38E066-51BF-47D9-8B4B-73DEC71763A0}
		{D31F9B89-033D-467A-B14F-4674D52E3FB2} = {9DD50287-9F51-46DE-A2A9-A1098F7237FD}
		{41914223-6228-45CF-93EE-50713BBF686E} = {BF38E066-51BF-47D9-8B4B-73DEC71763A0}
		{97123B00-6A9D-402C-87EF-7FDF272130A8} = {41914223-6228-45CF-93EE-50713BBF686E}
		{9970418D-223C-498F-BDB8-DEE5A7375C2C} = {BF38E066-51BF-47D9-8B4B-73DEC71763A0}
		{B9058D1F-3E7D-4910-A040-1FB7DC3A9805} = {9970418D-223C-498F-BDB8-DEE5A7375C2C}
		{A1D33C09-E0A4-436B-8CE6-2565F14728A8} = {BF38E066-51BF-47D9-8B4B-73DEC71763A0}
		{5B9A197E-188B-440E-B175-52B0511ADC1D} = {A1D33C09-E0A4-436B-8CE6-2565F14728A8}
		{636F4D85-CA4D-4137-BED2-F38DEE146BEA} = {BF38E066-51BF-47D9-8B4B-73DEC71763A0}
		{89DA6E52-48C4-48AA-A19A-1B6FF2B4FFB1} = {636F4D85-CA4D-4137-BED2-F38DEE146BEA}
		{04A0EE32-B1DE-41AE-8FB7-0AD489442714} = {BF38E066-51BF-47D9-8B4B-73DEC71763A0}
		{EAE3A8EB-45AB-45FF-A0B8-D3C0CD6DD199} = {04A0EE32-B1DE-41AE-8FB7-0AD489442714}
		{CDE5A29E-020B-4775-A67C-154ED67B26C0} = {BF38E066-51BF-47D9-8B4B-73DEC71763A0}
		{C3B8E256-136D-4DC9-8B7F-51EC58C25F37} = {CDE5A29E-020B-4775-A67C-154ED67B26C0}
		{63A69300-C3D7-45F1-BD74-B870455DF1EA} = {BF38E066-51BF-47D9-8B4B-73DEC71763A0}
		{39D4BCC5-8711-4E13-A56D-6B019F27112A} = {63A69300-C3D7-45F1-BD74-B870455DF1EA}
	EndGlobalSection
	GlobalSection(ProjectConfigurationPlatforms) = postSolution
		{9AC53D0B-B49F-4E0E-81A1-E9F3DBB0928E}.Debug|Any CPU.ActiveCfg = Debug|Any CPU
		{9AC53D0B-B49F-4E0E-81A1-E9F3DBB0928E}.Debug|Any CPU.Build.0 = Debug|Any CPU
		{9AC53D0B-B49F-4E0E-81A1-E9F3DBB0928E}.Release|Any CPU.ActiveCfg = Release|Any CPU
		{9AC53D0B-B49F-4E0E-81A1-E9F3DBB0928E}.Release|Any CPU.Build.0 = Release|Any CPU
		{90543C18-7A73-458D-81F8-672F624C9851}.Debug|Any CPU.ActiveCfg = Debug|Any CPU
		{90543C18-7A73-458D-81F8-672F624C9851}.Debug|Any CPU.Build.0 = Debug|Any CPU
		{90543C18-7A73-458D-81F8-672F624C9851}.Release|Any CPU.ActiveCfg = Release|Any CPU
		{90543C18-7A73-458D-81F8-672F624C9851}.Release|Any CPU.Build.0 = Release|Any CPU
		{94F1624C-5ED1-494E-A89C-198ED9A7158E}.Debug|Any CPU.ActiveCfg = Debug|Any CPU
		{94F1624C-5ED1-494E-A89C-198ED9A7158E}.Debug|Any CPU.Build.0 = Debug|Any CPU
		{94F1624C-5ED1-494E-A89C-198ED9A7158E}.Release|Any CPU.ActiveCfg = Release|Any CPU
		{94F1624C-5ED1-494E-A89C-198ED9A7158E}.Release|Any CPU.Build.0 = Release|Any CPU
		{D31F9B89-033D-467A-B14F-4674D52E3FB2}.Debug|Any CPU.ActiveCfg = Debug|Any CPU
		{D31F9B89-033D-467A-B14F-4674D52E3FB2}.Debug|Any CPU.Build.0 = Debug|Any CPU
		{D31F9B89-033D-467A-B14F-4674D52E3FB2}.Release|Any CPU.ActiveCfg = Release|Any CPU
		{D31F9B89-033D-467A-B14F-4674D52E3FB2}.Release|Any CPU.Build.0 = Release|Any CPU
		{97123B00-6A9D-402C-87EF-7FDF272130A8}.Debug|Any CPU.ActiveCfg = Debug|Any CPU
		{97123B00-6A9D-402C-87EF-7FDF272130A8}.Debug|Any CPU.Build.0 = Debug|Any CPU
		{97123B00-6A9D-402C-87EF-7FDF272130A8}.Release|Any CPU.ActiveCfg = Release|Any CPU
		{97123B00-6A9D-402C-87EF-7FDF272130A8}.Release|Any CPU.Build.0 = Release|Any CPU
		{B9058D1F-3E7D-4910-A040-1FB7DC3A9805}.Debug|Any CPU.ActiveCfg = Debug|Any CPU
		{B9058D1F-3E7D-4910-A040-1FB7DC3A9805}.Debug|Any CPU.Build.0 = Debug|Any CPU
		{B9058D1F-3E7D-4910-A040-1FB7DC3A9805}.Release|Any CPU.ActiveCfg = Release|Any CPU
		{B9058D1F-3E7D-4910-A040-1FB7DC3A9805}.Release|Any CPU.Build.0 = Release|Any CPU
		{5B9A197E-188B-440E-B175-52B0511ADC1D}.Debug|Any CPU.ActiveCfg = Debug|Any CPU
		{5B9A197E-188B-440E-B175-52B0511ADC1D}.Debug|Any CPU.Build.0 = Debug|Any CPU
		{5B9A197E-188B-440E-B175-52B0511ADC1D}.Release|Any CPU.ActiveCfg = Release|Any CPU
		{5B9A197E-188B-440E-B175-52B0511ADC1D}.Release|Any CPU.Build.0 = Release|Any CPU
		{89DA6E52-48C4-48AA-A19A-1B6FF2B4FFB1}.Debug|Any CPU.ActiveCfg = Debug|Any CPU
		{89DA6E52-48C4-48AA-A19A-1B6FF2B4FFB1}.Debug|Any CPU.Build.0 = Debug|Any CPU
		{89DA6E52-48C4-48AA-A19A-1B6FF2B4FFB1}.Release|Any CPU.ActiveCfg = Release|Any CPU
		{89DA6E52-48C4-48AA-A19A-1B6FF2B4FFB1}.Release|Any CPU.Build.0 = Release|Any CPU
		{EAE3A8EB-45AB-45FF-A0B8-D3C0CD6DD199}.Debug|Any CPU.ActiveCfg = Debug|Any CPU
		{EAE3A8EB-45AB-45FF-A0B8-D3C0CD6DD199}.Debug|Any CPU.Build.0 = Debug|Any CPU
		{EAE3A8EB-45AB-45FF-A0B8-D3C0CD6DD199}.Release|Any CPU.ActiveCfg = Release|Any CPU
		{EAE3A8EB-45AB-45FF-A0B8-D3C0CD6DD199}.Release|Any CPU.Build.0 = Release|Any CPU
		{C3B8E256-136D-4DC9-8B7F-51EC58C25F37}.Debug|Any CPU.ActiveCfg = Debug|Any CPU
		{C3B8E256-136D-4DC9-8B7F-51EC58C25F37}.Debug|Any CPU.Build.0 = Debug|Any CPU
		{C3B8E256-136D-4DC9-8B7F-51EC58C25F37}.Release|Any CPU.ActiveCfg = Release|Any CPU
		{C3B8E256-136D-4DC9-8B7F-51EC58C25F37}.Release|Any CPU.Build.0 = Release|Any CPU
		{39D4BCC5-8711-4E13-A56D-6B019F27112A}.Debug|Any CPU.ActiveCfg = Debug|Any CPU
		{39D4BCC5-8711-4E13-A56D-6B019F27112A}.Debug|Any CPU.Build.0 = Debug|Any CPU
		{39D4BCC5-8711-4E13-A56D-6B019F27112A}.Release|Any CPU.ActiveCfg = Release|Any CPU
		{39D4BCC5-8711-4E13-A56D-6B019F27112A}.Release|Any CPU.Build.0 = Release|Any CPU
	EndGlobalSection
EndGlobal
