
Microsoft Visual Studio Solution File, Format Version 12.00
Project("{2150E333-8FDC-42A3-9474-1A3956D46DE8}") = "2023", "2023", "{BF38E066-51BF-47D9-8B4B-73DEC71763A0}"
EndProject
Project("{2150E333-8FDC-42A3-9474-1A3956D46DE8}") = "01", "01", "{6AF49434-7479-4895-BCAC-40E2176FE031}"
EndProject
Project("{FAE04EC0-301F-11D3-BF4B-00C04F79EFBC}") = "Trebuchet", "2023\01\Trebuchet\Trebuchet.csproj", "{9AC53D0B-B49F-4E0E-81A1-E9F3DBB0928E}"
EndProject
Project("{2150E333-8FDC-42A3-9474-1A3956D46DE8}") = "02", "02", "{8D271F4B-379A-4377-8F68-D176FF399208}"
EndProject
Project("{FAE04EC0-301F-11D3-BF4B-00C04F79EFBC}") = "CubeConundrum", "2023\02\CubeConundrum\CubeConundrum.csproj", "{90543C18-7A73-458D-81F8-672F624C9851}"
EndProject
Project("{2150E333-8FDC-42A3-9474-1A3956D46DE8}") = "04", "04", "{AAB273A1-4ED2-418A-AD1C-A88C7E47271A}"
EndProject
Project("{FAE04EC0-301F-11D3-BF4B-00C04F79EFBC}") = "Scratchcards", "2023\04\Scratchcards\Scratchcards.csproj", "{94F1624C-5ED1-494E-A89C-198ED9A7158E}"
EndProject
Project("{2150E333-8FDC-42A3-9474-1A3956D46DE8}") = "03", "03", "{9DD50287-9F51-46DE-A2A9-A1098F7237FD}"
EndProject
Project("{FAE04EC0-301F-11D3-BF4B-00C04F79EFBC}") = "GearRatios", "2023\03\GearRatios\GearRatios.csproj", "{D31F9B89-033D-467A-B14F-4674D52E3FB2}"
EndProject
Project("{2150E333-8FDC-42A3-9474-1A3956D46DE8}") = "05", "05", "{41914223-6228-45CF-93EE-50713BBF686E}"
EndProject
Project("{FAE04EC0-301F-11D3-BF4B-00C04F79EFBC}") = "IfYouGiveASeedAFertilizer", "2023\05\IfYouGiveASeedAFertilizer\IfYouGiveASeedAFertilizer.csproj", "{97123B00-6A9D-402C-87EF-7FDF272130A8}"
EndProject
Global
	GlobalSection(SolutionConfigurationPlatforms) = preSolution
		Debug|Any CPU = Debug|Any CPU
		Release|Any CPU = Release|Any CPU
	EndGlobalSection
	GlobalSection(NestedProjects) = preSolution
		{6AF49434-7479-4895-BCAC-40E2176FE031} = {BF38E066-51BF-47D9-8B4B-73DEC71763A0}
		{9AC53D0B-B49F-4E0E-81A1-E9F3DBB0928E} = {6AF49434-7479-4895-BCAC-40E2176FE031}
		{8D271F4B-379A-4377-8F68-D176FF399208} = {BF38E066-51BF-47D9-8B4B-73DEC71763A0}
		{90543C18-7A73-458D-81F8-672F624C9851} = {8D271F4B-379A-4377-8F68-D176FF399208}
		{AAB273A1-4ED2-418A-AD1C-A88C7E47271A} = {BF38E066-51BF-47D9-8B4B-73DEC71763A0}
		{94F1624C-5ED1-494E-A89C-198ED9A7158E} = {AAB273A1-4ED2-418A-AD1C-A88C7E47271A}
		{9DD50287-9F51-46DE-A2A9-A1098F7237FD} = {BF38E066-51BF-47D9-8B4B-73DEC71763A0}
		{D31F9B89-033D-467A-B14F-4674D52E3FB2} = {9DD50287-9F51-46DE-A2A9-A1098F7237FD}
		{41914223-6228-45CF-93EE-50713BBF686E} = {BF38E066-51BF-47D9-8B4B-73DEC71763A0}
		{97123B00-6A9D-402C-87EF-7FDF272130A8} = {41914223-6228-45CF-93EE-50713BBF686E}
	EndGlobalSection
	GlobalSection(ProjectConfigurationPlatforms) = postSolution
		{9AC53D0B-B49F-4E0E-81A1-E9F3DBB0928E}.Debug|Any CPU.ActiveCfg = Debug|Any CPU
		{9AC53D0B-B49F-4E0E-81A1-E9F3DBB0928E}.Debug|Any CPU.Build.0 = Debug|Any CPU
		{9AC53D0B-B49F-4E0E-81A1-E9F3DBB0928E}.Release|Any CPU.ActiveCfg = Release|Any CPU
		{9AC53D0B-B49F-4E0E-81A1-E9F3DBB0928E}.Release|Any CPU.Build.0 = Release|Any CPU
		{90543C18-7A73-458D-81F8-672F624C9851}.Debug|Any CPU.ActiveCfg = Debug|Any CPU
		{90543C18-7A73-458D-81F8-672F624C9851}.Debug|Any CPU.Build.0 = Debug|Any CPU
		{90543C18-7A73-458D-81F8-672F624C9851}.Release|Any CPU.ActiveCfg = Release|Any CPU
		{90543C18-7A73-458D-81F8-672F624C9851}.Release|Any CPU.Build.0 = Release|Any CPU
		{94F1624C-5ED1-494E-A89C-198ED9A7158E}.Debug|Any CPU.ActiveCfg = Debug|Any CPU
		{94F1624C-5ED1-494E-A89C-198ED9A7158E}.Debug|Any CPU.Build.0 = Debug|Any CPU
		{94F1624C-5ED1-494E-A89C-198ED9A7158E}.Release|Any CPU.ActiveCfg = Release|Any CPU
		{94F1624C-5ED1-494E-A89C-198ED9A7158E}.Release|Any CPU.Build.0 = Release|Any CPU
		{D31F9B89-033D-467A-B14F-4674D52E3FB2}.Debug|Any CPU.ActiveCfg = Debug|Any CPU
		{D31F9B89-033D-467A-B14F-4674D52E3FB2}.Debug|Any CPU.Build.0 = Debug|Any CPU
		{D31F9B89-033D-467A-B14F-4674D52E3FB2}.Release|Any CPU.ActiveCfg = Release|Any CPU
		{D31F9B89-033D-467A-B14F-4674D52E3FB2}.Release|Any CPU.Build.0 = Release|Any CPU
		{97123B00-6A9D-402C-87EF-7FDF272130A8}.Debug|Any CPU.ActiveCfg = Debug|Any CPU
		{97123B00-6A9D-402C-87EF-7FDF272130A8}.Debug|Any CPU.Build.0 = Debug|Any CPU
		{97123B00-6A9D-402C-87EF-7FDF272130A8}.Release|Any CPU.ActiveCfg = Release|Any CPU
		{97123B00-6A9D-402C-87EF-7FDF272130A8}.Release|Any CPU.Build.0 = Release|Any CPU
	EndGlobalSection
EndGlobal
